
Microsoft Visual Studio Solution File, Format Version 12.00
# Visual Studio 15
VisualStudioVersion = 15.0.26228.4
MinimumVisualStudioVersion = 10.0.40219.1
Project("{9A19103F-16F7-4668-BE54-9A1E7A4F7556}") = "Vue2Spa", "Vue2Spa.csproj", "{B5FE715F-AB99-4FA6-AEC1-D3B644C76DF7}"
EndProject
Project("{9A19103F-16F7-4668-BE54-9A1E7A4F7556}") = "DAL", "..\DAL\DAL.csproj", "{37A39C04-F2E8-4DCB-B9BD-3E2CF37222B2}"
EndProject
Project("{9A19103F-16F7-4668-BE54-9A1E7A4F7556}") = "Services", "..\Services\Services.csproj", "{25A72A4D-9E91-4EEA-9E8B-95D1E03688FE}"
EndProject
Project("{9A19103F-16F7-4668-BE54-9A1E7A4F7556}") = "Entities", "..\Entities\Entities.csproj", "{3E3C807B-AF1E-4557-B135-D4DDE8CDBCE9}"
EndProject
Project("{FAE04EC0-301F-11D3-BF4B-00C04F79EFBC}") = "Models", "..\Models\Models.csproj", "{26F1F517-3799-4AFF-993E-D14A7FEB3542}"
EndProject
Global
	GlobalSection(SolutionConfigurationPlatforms) = preSolution
		Debug|Any CPU = Debug|Any CPU
		Release|Any CPU = Release|Any CPU
	EndGlobalSection
	GlobalSection(ProjectConfigurationPlatforms) = postSolution
		{B5FE715F-AB99-4FA6-AEC1-D3B644C76DF7}.Debug|Any CPU.ActiveCfg = Debug|Any CPU
		{B5FE715F-AB99-4FA6-AEC1-D3B644C76DF7}.Debug|Any CPU.Build.0 = Debug|Any CPU
		{B5FE715F-AB99-4FA6-AEC1-D3B644C76DF7}.Release|Any CPU.ActiveCfg = Release|Any CPU
		{B5FE715F-AB99-4FA6-AEC1-D3B644C76DF7}.Release|Any CPU.Build.0 = Release|Any CPU
		{37A39C04-F2E8-4DCB-B9BD-3E2CF37222B2}.Debug|Any CPU.ActiveCfg = Debug|Any CPU
		{37A39C04-F2E8-4DCB-B9BD-3E2CF37222B2}.Debug|Any CPU.Build.0 = Debug|Any CPU
		{37A39C04-F2E8-4DCB-B9BD-3E2CF37222B2}.Release|Any CPU.ActiveCfg = Release|Any CPU
		{37A39C04-F2E8-4DCB-B9BD-3E2CF37222B2}.Release|Any CPU.Build.0 = Release|Any CPU
		{25A72A4D-9E91-4EEA-9E8B-95D1E03688FE}.Debug|Any CPU.ActiveCfg = Debug|Any CPU
		{25A72A4D-9E91-4EEA-9E8B-95D1E03688FE}.Debug|Any CPU.Build.0 = Debug|Any CPU
		{25A72A4D-9E91-4EEA-9E8B-95D1E03688FE}.Release|Any CPU.ActiveCfg = Release|Any CPU
		{25A72A4D-9E91-4EEA-9E8B-95D1E03688FE}.Release|Any CPU.Build.0 = Release|Any CPU
		{3E3C807B-AF1E-4557-B135-D4DDE8CDBCE9}.Debug|Any CPU.ActiveCfg = Debug|Any CPU
		{3E3C807B-AF1E-4557-B135-D4DDE8CDBCE9}.Debug|Any CPU.Build.0 = Debug|Any CPU
		{3E3C807B-AF1E-4557-B135-D4DDE8CDBCE9}.Release|Any CPU.ActiveCfg = Release|Any CPU
		{3E3C807B-AF1E-4557-B135-D4DDE8CDBCE9}.Release|Any CPU.Build.0 = Release|Any CPU
		{26F1F517-3799-4AFF-993E-D14A7FEB3542}.Debug|Any CPU.ActiveCfg = Debug|Any CPU
		{26F1F517-3799-4AFF-993E-D14A7FEB3542}.Debug|Any CPU.Build.0 = Debug|Any CPU
		{26F1F517-3799-4AFF-993E-D14A7FEB3542}.Release|Any CPU.ActiveCfg = Release|Any CPU
		{26F1F517-3799-4AFF-993E-D14A7FEB3542}.Release|Any CPU.Build.0 = Release|Any CPU
	EndGlobalSection
	GlobalSection(SolutionProperties) = preSolution
		HideSolutionNode = FALSE
	EndGlobalSection
	GlobalSection(ExtensibilityGlobals) = postSolution
		SolutionGuid = {A61B15BC-CE64-41CF-B275-11BE8DB776F7}
	EndGlobalSection
EndGlobal
